
Microsoft Visual Studio Solution File, Format Version 12.00
Project("{FAE04EC0-301F-11D3-BF4B-00C04F79EFBC}") = "Meatcorps.Engine.InputTest", "Meatcorps.Engine.InputTest\Meatcorps.Engine.InputTest.csproj", "{4E3EF210-F404-4E53-9713-77E1A8276224}"
EndProject
Project("{FAE04EC0-301F-11D3-BF4B-00C04F79EFBC}") = "Meatcorps.Engine.Core", "Meatcorps.Engine.Core\Meatcorps.Engine.Core.csproj", "{7CAD59C1-25A5-4B50-816F-ED5BA69AF39E}"
EndProject
Project("{FAE04EC0-301F-11D3-BF4B-00C04F79EFBC}") = "Meatcorps.Engine.Hardware.ArduinoController", "Meatcorps.Engine.Hardware.ArduinoController\Meatcorps.Engine.Hardware.ArduinoController.csproj", "{7AEF9D19-37DD-4DFA-9419-5B4BD79B5DE5}"
EndProject
Project("{FAE04EC0-301F-11D3-BF4B-00C04F79EFBC}") = "Meatcorps.Engine.RayLib", "Meatcorps.Engine.RayLib\Meatcorps.Engine.RayLib.csproj", "{C6B9F960-A806-47B2-ACD9-659D55A35ACE}"
EndProject
Project("{FAE04EC0-301F-11D3-BF4B-00C04F79EFBC}") = "Meatcorps.Game.Snake", "Meatcorps.Game.Snake\Meatcorps.Game.Snake.csproj", "{82841BED-F73A-450E-AE28-0343E5A656DD}"
EndProject
Project("{FAE04EC0-301F-11D3-BF4B-00C04F79EFBC}") = "Meatcorps.Engine.Logging", "Meatcorps.Engine.Logging\Meatcorps.Engine.Logging.csproj", "{45A05A29-755C-43E0-BD36-1250D7DA712D}"
EndProject
Project("{FAE04EC0-301F-11D3-BF4B-00C04F79EFBC}") = "Meatcorps.Engine.AsciiScript", "Meatcorps.Engine.AsciiScript\Meatcorps.Engine.AsciiScript.csproj", "{9F4FE9E3-4EE5-41B6-9EEB-B6AF597AF04B}"
EndProject
Project("{FAE04EC0-301F-11D3-BF4B-00C04F79EFBC}") = "Meatcorps.Engine.Boids", "Meatcorps.Engine.Boids\Meatcorps.Engine.Boids.csproj", "{6C4234D2-D7A2-4078-A147-B07E25B59DE3}"
EndProject
Project("{FAE04EC0-301F-11D3-BF4B-00C04F79EFBC}") = "Meatcorps.Engine.Session", "Meatcorps.Engine.Session\Meatcorps.Engine.Session.csproj", "{0DF1AFD4-0F36-43FD-B4C1-C8F51FDF3C53}"
EndProject
Project("{FAE04EC0-301F-11D3-BF4B-00C04F79EFBC}") = "Meatcorps.Engine.Arcade", "Meatcorps.Engine.Arcade\Meatcorps.Engine.Arcade.csproj", "{10622B76-21F8-46BE-AAF6-EC8DAAADA03A}"
EndProject
Project("{FAE04EC0-301F-11D3-BF4B-00C04F79EFBC}") = "Meatcorps.Engine.Arcade.RayLib", "Meatcorps.Engine.Arcade.RayLib\Meatcorps.Engine.Arcade.RayLib.csproj", "{370C4705-818D-4AB6-8DCC-70E7F910D7F4}"
EndProject
Project("{FAE04EC0-301F-11D3-BF4B-00C04F79EFBC}") = "Meatcorps.Game.ArcadeTemplate", "Meatcorps.Game.ArcadeTemplate\Meatcorps.Game.ArcadeTemplate.csproj", "{7427783B-57AA-4B57-9259-6DC59222AB86}"
EndProject
Project("{2150E333-8FDC-42A3-9474-1A3956D46DE8}") = "Libraries", "Libraries", "{BE6028C9-0015-457F-BCD2-DA31024F614D}"
EndProject
Project("{2150E333-8FDC-42A3-9474-1A3956D46DE8}") = "Templates", "Templates", "{D7168539-5530-4670-983C-9B623234EE38}"
EndProject
Project("{2150E333-8FDC-42A3-9474-1A3956D46DE8}") = "Games", "Games", "{88D0F395-289A-4DC0-83CF-E18403537AD4}"
EndProject
Project("{2150E333-8FDC-42A3-9474-1A3956D46DE8}") = "Core", "Core", "{ADEF9987-F82F-46E0-9CCC-350FF1F5A491}"
EndProject
Project("{2150E333-8FDC-42A3-9474-1A3956D46DE8}") = "Raylib", "Raylib", "{9CB21DCA-94C2-4004-BBEF-C064B48ED92B}"
EndProject
Project("{2150E333-8FDC-42A3-9474-1A3956D46DE8}") = "Tools", "Tools", "{66029EB6-09CD-4C9A-BC31-834C4C3A1E10}"
EndProject
Project("{2150E333-8FDC-42A3-9474-1A3956D46DE8}") = "Hardware", "Hardware", "{7D462AA7-D1CD-4D77-89C6-7E3134420038}"
EndProject
Project("{FAE04EC0-301F-11D3-BF4B-00C04F79EFBC}") = "Meatcorps.Game.Pacman", "Meatcorps.Game.Pacman\Meatcorps.Game.Pacman.csproj", "{3349E076-F7D9-43E8-B3CD-665D9B23629B}"
EndProject
Project("{2150E333-8FDC-42A3-9474-1A3956D46DE8}") = "Arcade", "Arcade", "{E7F61BAD-76A6-4AD3-B476-F677096DAEB7}"
EndProject
Project("{FAE04EC0-301F-11D3-BF4B-00C04F79EFBC}") = "Meatcorps.Engine.Pathfinding", "Meatcorps.Engine.Pathfinding\Meatcorps.Engine.Pathfinding.csproj", "{71E73023-362C-4F57-8C90-29C19ACDB371}"
EndProject
Project("{FAE04EC0-301F-11D3-BF4B-00C04F79EFBC}") = "Meatcorps.Engine.RayLib.Pathfinding", "Meatcorps.Engine.RayLib.Pathfinding\Meatcorps.Engine.RayLib.Pathfinding.csproj", "{8BAFEC2D-D401-4B04-8785-09C7FA17200D}"
EndProject
Project("{FAE04EC0-301F-11D3-BF4B-00C04F79EFBC}") = "Meatcorps.Engine.Collision", "Meatcorps.Engine.Collision\Meatcorps.Engine.Collision.csproj", "{4FB07947-6810-4C4B-AE22-21C5F70A605A}"
EndProject
Project("{FAE04EC0-301F-11D3-BF4B-00C04F79EFBC}") = "Meatcorps.Engine.AtlasPicker", "Meatcorps.Engine.AtlasPicker\Meatcorps.Engine.AtlasPicker.csproj", "{265646FF-AE75-49F7-A0FB-96880CCAAE39}"
EndProject
Project("{FAE04EC0-301F-11D3-BF4B-00C04F79EFBC}") = "Meatcorps.Engine.Arcade.Server", "Meatcorps.Engine.Arcade.Server\Meatcorps.Engine.Arcade.Server.csproj", "{0BD8E36A-1518-49F0-960E-F989D68C81A2}"
EndProject
Project("{FAE04EC0-301F-11D3-BF4B-00C04F79EFBC}") = "Meatcorps.Engine.MQTT", "Meatcorps.Engine.MQTT\Meatcorps.Engine.MQTT.csproj", "{1CEDE15A-8961-4AC6-9FDE-3D231CA91D1A}"
EndProject
Project("{FAE04EC0-301F-11D3-BF4B-00C04F79EFBC}") = "Meatcorps.Engine.Signals", "Meatcorps.Engine.Signals\Meatcorps.Engine.Signals.csproj", "{3C1A5A06-6C80-4D7A-8E77-596C292263EA}"
EndProject
Project("{FAE04EC0-301F-11D3-BF4B-00C04F79EFBC}") = "Meatcorps.Engine.MQTTTest", "Meatcorps.Engine.MQTTTest\Meatcorps.Engine.MQTTTest.csproj", "{DFA0AB5C-65EA-4771-9B61-7DB3DE9B362D}"
EndProject
Global
	GlobalSection(SolutionConfigurationPlatforms) = preSolution
		Debug|Any CPU = Debug|Any CPU
		Release|Any CPU = Release|Any CPU
	EndGlobalSection
	GlobalSection(ProjectConfigurationPlatforms) = postSolution
		{4E3EF210-F404-4E53-9713-77E1A8276224}.Debug|Any CPU.ActiveCfg = Debug|Any CPU
		{4E3EF210-F404-4E53-9713-77E1A8276224}.Debug|Any CPU.Build.0 = Debug|Any CPU
		{4E3EF210-F404-4E53-9713-77E1A8276224}.Release|Any CPU.ActiveCfg = Release|Any CPU
		{4E3EF210-F404-4E53-9713-77E1A8276224}.Release|Any CPU.Build.0 = Release|Any CPU
		{7CAD59C1-25A5-4B50-816F-ED5BA69AF39E}.Debug|Any CPU.ActiveCfg = Debug|Any CPU
		{7CAD59C1-25A5-4B50-816F-ED5BA69AF39E}.Debug|Any CPU.Build.0 = Debug|Any CPU
		{7CAD59C1-25A5-4B50-816F-ED5BA69AF39E}.Release|Any CPU.ActiveCfg = Release|Any CPU
		{7CAD59C1-25A5-4B50-816F-ED5BA69AF39E}.Release|Any CPU.Build.0 = Release|Any CPU
		{7AEF9D19-37DD-4DFA-9419-5B4BD79B5DE5}.Debug|Any CPU.ActiveCfg = Debug|Any CPU
		{7AEF9D19-37DD-4DFA-9419-5B4BD79B5DE5}.Debug|Any CPU.Build.0 = Debug|Any CPU
		{7AEF9D19-37DD-4DFA-9419-5B4BD79B5DE5}.Release|Any CPU.ActiveCfg = Release|Any CPU
		{7AEF9D19-37DD-4DFA-9419-5B4BD79B5DE5}.Release|Any CPU.Build.0 = Release|Any CPU
		{C6B9F960-A806-47B2-ACD9-659D55A35ACE}.Debug|Any CPU.ActiveCfg = Debug|Any CPU
		{C6B9F960-A806-47B2-ACD9-659D55A35ACE}.Debug|Any CPU.Build.0 = Debug|Any CPU
		{C6B9F960-A806-47B2-ACD9-659D55A35ACE}.Release|Any CPU.ActiveCfg = Release|Any CPU
		{C6B9F960-A806-47B2-ACD9-659D55A35ACE}.Release|Any CPU.Build.0 = Release|Any CPU
		{82841BED-F73A-450E-AE28-0343E5A656DD}.Debug|Any CPU.ActiveCfg = Debug|Any CPU
		{82841BED-F73A-450E-AE28-0343E5A656DD}.Debug|Any CPU.Build.0 = Debug|Any CPU
		{82841BED-F73A-450E-AE28-0343E5A656DD}.Release|Any CPU.ActiveCfg = Release|Any CPU
		{82841BED-F73A-450E-AE28-0343E5A656DD}.Release|Any CPU.Build.0 = Release|Any CPU
		{45A05A29-755C-43E0-BD36-1250D7DA712D}.Debug|Any CPU.ActiveCfg = Debug|Any CPU
		{45A05A29-755C-43E0-BD36-1250D7DA712D}.Debug|Any CPU.Build.0 = Debug|Any CPU
		{45A05A29-755C-43E0-BD36-1250D7DA712D}.Release|Any CPU.ActiveCfg = Release|Any CPU
		{45A05A29-755C-43E0-BD36-1250D7DA712D}.Release|Any CPU.Build.0 = Release|Any CPU
		{9F4FE9E3-4EE5-41B6-9EEB-B6AF597AF04B}.Debug|Any CPU.ActiveCfg = Debug|Any CPU
		{9F4FE9E3-4EE5-41B6-9EEB-B6AF597AF04B}.Debug|Any CPU.Build.0 = Debug|Any CPU
		{9F4FE9E3-4EE5-41B6-9EEB-B6AF597AF04B}.Release|Any CPU.ActiveCfg = Release|Any CPU
		{9F4FE9E3-4EE5-41B6-9EEB-B6AF597AF04B}.Release|Any CPU.Build.0 = Release|Any CPU
		{6C4234D2-D7A2-4078-A147-B07E25B59DE3}.Debug|Any CPU.ActiveCfg = Debug|Any CPU
		{6C4234D2-D7A2-4078-A147-B07E25B59DE3}.Debug|Any CPU.Build.0 = Debug|Any CPU
		{6C4234D2-D7A2-4078-A147-B07E25B59DE3}.Release|Any CPU.ActiveCfg = Release|Any CPU
		{6C4234D2-D7A2-4078-A147-B07E25B59DE3}.Release|Any CPU.Build.0 = Release|Any CPU
		{0DF1AFD4-0F36-43FD-B4C1-C8F51FDF3C53}.Debug|Any CPU.ActiveCfg = Debug|Any CPU
		{0DF1AFD4-0F36-43FD-B4C1-C8F51FDF3C53}.Debug|Any CPU.Build.0 = Debug|Any CPU
		{0DF1AFD4-0F36-43FD-B4C1-C8F51FDF3C53}.Release|Any CPU.ActiveCfg = Release|Any CPU
		{0DF1AFD4-0F36-43FD-B4C1-C8F51FDF3C53}.Release|Any CPU.Build.0 = Release|Any CPU
		{10622B76-21F8-46BE-AAF6-EC8DAAADA03A}.Debug|Any CPU.ActiveCfg = Debug|Any CPU
		{10622B76-21F8-46BE-AAF6-EC8DAAADA03A}.Debug|Any CPU.Build.0 = Debug|Any CPU
		{10622B76-21F8-46BE-AAF6-EC8DAAADA03A}.Release|Any CPU.ActiveCfg = Release|Any CPU
		{10622B76-21F8-46BE-AAF6-EC8DAAADA03A}.Release|Any CPU.Build.0 = Release|Any CPU
		{370C4705-818D-4AB6-8DCC-70E7F910D7F4}.Debug|Any CPU.ActiveCfg = Debug|Any CPU
		{370C4705-818D-4AB6-8DCC-70E7F910D7F4}.Debug|Any CPU.Build.0 = Debug|Any CPU
		{370C4705-818D-4AB6-8DCC-70E7F910D7F4}.Release|Any CPU.ActiveCfg = Release|Any CPU
		{370C4705-818D-4AB6-8DCC-70E7F910D7F4}.Release|Any CPU.Build.0 = Release|Any CPU
		{7427783B-57AA-4B57-9259-6DC59222AB86}.Debug|Any CPU.ActiveCfg = Debug|Any CPU
		{7427783B-57AA-4B57-9259-6DC59222AB86}.Debug|Any CPU.Build.0 = Debug|Any CPU
		{7427783B-57AA-4B57-9259-6DC59222AB86}.Release|Any CPU.ActiveCfg = Release|Any CPU
		{7427783B-57AA-4B57-9259-6DC59222AB86}.Release|Any CPU.Build.0 = Release|Any CPU
		{3349E076-F7D9-43E8-B3CD-665D9B23629B}.Debug|Any CPU.ActiveCfg = Debug|Any CPU
		{3349E076-F7D9-43E8-B3CD-665D9B23629B}.Debug|Any CPU.Build.0 = Debug|Any CPU
		{3349E076-F7D9-43E8-B3CD-665D9B23629B}.Release|Any CPU.ActiveCfg = Release|Any CPU
		{3349E076-F7D9-43E8-B3CD-665D9B23629B}.Release|Any CPU.Build.0 = Release|Any CPU
		{71E73023-362C-4F57-8C90-29C19ACDB371}.Debug|Any CPU.ActiveCfg = Debug|Any CPU
		{71E73023-362C-4F57-8C90-29C19ACDB371}.Debug|Any CPU.Build.0 = Debug|Any CPU
		{71E73023-362C-4F57-8C90-29C19ACDB371}.Release|Any CPU.ActiveCfg = Release|Any CPU
		{71E73023-362C-4F57-8C90-29C19ACDB371}.Release|Any CPU.Build.0 = Release|Any CPU
		{8BAFEC2D-D401-4B04-8785-09C7FA17200D}.Debug|Any CPU.ActiveCfg = Debug|Any CPU
		{8BAFEC2D-D401-4B04-8785-09C7FA17200D}.Debug|Any CPU.Build.0 = Debug|Any CPU
		{8BAFEC2D-D401-4B04-8785-09C7FA17200D}.Release|Any CPU.ActiveCfg = Release|Any CPU
		{8BAFEC2D-D401-4B04-8785-09C7FA17200D}.Release|Any CPU.Build.0 = Release|Any CPU
		{4FB07947-6810-4C4B-AE22-21C5F70A605A}.Debug|Any CPU.ActiveCfg = Debug|Any CPU
		{4FB07947-6810-4C4B-AE22-21C5F70A605A}.Debug|Any CPU.Build.0 = Debug|Any CPU
		{4FB07947-6810-4C4B-AE22-21C5F70A605A}.Release|Any CPU.ActiveCfg = Release|Any CPU
		{4FB07947-6810-4C4B-AE22-21C5F70A605A}.Release|Any CPU.Build.0 = Release|Any CPU
		{265646FF-AE75-49F7-A0FB-96880CCAAE39}.Debug|Any CPU.ActiveCfg = Debug|Any CPU
		{265646FF-AE75-49F7-A0FB-96880CCAAE39}.Debug|Any CPU.Build.0 = Debug|Any CPU
		{265646FF-AE75-49F7-A0FB-96880CCAAE39}.Release|Any CPU.ActiveCfg = Release|Any CPU
		{265646FF-AE75-49F7-A0FB-96880CCAAE39}.Release|Any CPU.Build.0 = Release|Any CPU
		{0BD8E36A-1518-49F0-960E-F989D68C81A2}.Debug|Any CPU.ActiveCfg = Debug|Any CPU
		{0BD8E36A-1518-49F0-960E-F989D68C81A2}.Debug|Any CPU.Build.0 = Debug|Any CPU
		{0BD8E36A-1518-49F0-960E-F989D68C81A2}.Release|Any CPU.ActiveCfg = Release|Any CPU
		{0BD8E36A-1518-49F0-960E-F989D68C81A2}.Release|Any CPU.Build.0 = Release|Any CPU
		{1CEDE15A-8961-4AC6-9FDE-3D231CA91D1A}.Debug|Any CPU.ActiveCfg = Debug|Any CPU
		{1CEDE15A-8961-4AC6-9FDE-3D231CA91D1A}.Debug|Any CPU.Build.0 = Debug|Any CPU
		{1CEDE15A-8961-4AC6-9FDE-3D231CA91D1A}.Release|Any CPU.ActiveCfg = Release|Any CPU
		{1CEDE15A-8961-4AC6-9FDE-3D231CA91D1A}.Release|Any CPU.Build.0 = Release|Any CPU
		{3C1A5A06-6C80-4D7A-8E77-596C292263EA}.Debug|Any CPU.ActiveCfg = Debug|Any CPU
		{3C1A5A06-6C80-4D7A-8E77-596C292263EA}.Debug|Any CPU.Build.0 = Debug|Any CPU
		{3C1A5A06-6C80-4D7A-8E77-596C292263EA}.Release|Any CPU.ActiveCfg = Release|Any CPU
		{3C1A5A06-6C80-4D7A-8E77-596C292263EA}.Release|Any CPU.Build.0 = Release|Any CPU
		{DFA0AB5C-65EA-4771-9B61-7DB3DE9B362D}.Debug|Any CPU.ActiveCfg = Debug|Any CPU
		{DFA0AB5C-65EA-4771-9B61-7DB3DE9B362D}.Debug|Any CPU.Build.0 = Debug|Any CPU
		{DFA0AB5C-65EA-4771-9B61-7DB3DE9B362D}.Release|Any CPU.ActiveCfg = Release|Any CPU
		{DFA0AB5C-65EA-4771-9B61-7DB3DE9B362D}.Release|Any CPU.Build.0 = Release|Any CPU
	EndGlobalSection
	GlobalSection(NestedProjects) = preSolution
		{9F4FE9E3-4EE5-41B6-9EEB-B6AF597AF04B} = {BE6028C9-0015-457F-BCD2-DA31024F614D}
		{6C4234D2-D7A2-4078-A147-B07E25B59DE3} = {BE6028C9-0015-457F-BCD2-DA31024F614D}
		{0DF1AFD4-0F36-43FD-B4C1-C8F51FDF3C53} = {BE6028C9-0015-457F-BCD2-DA31024F614D}
		{7427783B-57AA-4B57-9259-6DC59222AB86} = {D7168539-5530-4670-983C-9B623234EE38}
		{82841BED-F73A-450E-AE28-0343E5A656DD} = {88D0F395-289A-4DC0-83CF-E18403537AD4}
		{ADEF9987-F82F-46E0-9CCC-350FF1F5A491} = {BE6028C9-0015-457F-BCD2-DA31024F614D}
		{7CAD59C1-25A5-4B50-816F-ED5BA69AF39E} = {ADEF9987-F82F-46E0-9CCC-350FF1F5A491}
		{9CB21DCA-94C2-4004-BBEF-C064B48ED92B} = {BE6028C9-0015-457F-BCD2-DA31024F614D}
		{C6B9F960-A806-47B2-ACD9-659D55A35ACE} = {9CB21DCA-94C2-4004-BBEF-C064B48ED92B}
		{4E3EF210-F404-4E53-9713-77E1A8276224} = {66029EB6-09CD-4C9A-BC31-834C4C3A1E10}
		{45A05A29-755C-43E0-BD36-1250D7DA712D} = {ADEF9987-F82F-46E0-9CCC-350FF1F5A491}
		{7D462AA7-D1CD-4D77-89C6-7E3134420038} = {BE6028C9-0015-457F-BCD2-DA31024F614D}
		{7AEF9D19-37DD-4DFA-9419-5B4BD79B5DE5} = {7D462AA7-D1CD-4D77-89C6-7E3134420038}
		{3349E076-F7D9-43E8-B3CD-665D9B23629B} = {88D0F395-289A-4DC0-83CF-E18403537AD4}
		{E7F61BAD-76A6-4AD3-B476-F677096DAEB7} = {BE6028C9-0015-457F-BCD2-DA31024F614D}
		{10622B76-21F8-46BE-AAF6-EC8DAAADA03A} = {E7F61BAD-76A6-4AD3-B476-F677096DAEB7}
		{370C4705-818D-4AB6-8DCC-70E7F910D7F4} = {E7F61BAD-76A6-4AD3-B476-F677096DAEB7}
		{71E73023-362C-4F57-8C90-29C19ACDB371} = {ADEF9987-F82F-46E0-9CCC-350FF1F5A491}
		{8BAFEC2D-D401-4B04-8785-09C7FA17200D} = {9CB21DCA-94C2-4004-BBEF-C064B48ED92B}
		{4FB07947-6810-4C4B-AE22-21C5F70A605A} = {ADEF9987-F82F-46E0-9CCC-350FF1F5A491}
		{265646FF-AE75-49F7-A0FB-96880CCAAE39} = {66029EB6-09CD-4C9A-BC31-834C4C3A1E10}
		{0BD8E36A-1518-49F0-960E-F989D68C81A2} = {E7F61BAD-76A6-4AD3-B476-F677096DAEB7}
		{1CEDE15A-8961-4AC6-9FDE-3D231CA91D1A} = {E7F61BAD-76A6-4AD3-B476-F677096DAEB7}
		{3C1A5A06-6C80-4D7A-8E77-596C292263EA} = {ADEF9987-F82F-46E0-9CCC-350FF1F5A491}
		{DFA0AB5C-65EA-4771-9B61-7DB3DE9B362D} = {66029EB6-09CD-4C9A-BC31-834C4C3A1E10}
	EndGlobalSection
EndGlobal
